{
  "name": "h3r",
  "version": "1.0.0",
  "lockfileVersion": 1,
  "requires": true,
  "dependencies": {
    "jquery": {
      "version": "3.3.1",
      "resolved": "https://registry.npmjs.org/jquery/-/jquery-3.3.1.tgz",
      "integrity": "sha512-Ubldcmxp5np52/ENotGxlLe6aGMvmF4R8S6tZjsP6Knsaxd/xp3Zrh50cG93lR6nPXyUFwzN3ZSOQI0wRJNdGg=="
    },
    "jquery-slim": {
      "version": "3.0.0",
      "resolved": "https://registry.npmjs.org/jquery-slim/-/jquery-slim-3.0.0.tgz",
      "integrity": "sha1-h6svoQUBeY6TEkpLXrlTyFN5cH4="
    },
    "three": {
      "version": "0.93.0",
      "resolved": "https://registry.npmjs.org/three/-/three-0.93.0.tgz",
      "integrity": "sha1-P9bDZ+9FVKu7bhataZNig+iVwSM="
    },
    "three-addons": {
      "version": "1.2.0",
      "resolved": "https://registry.npmjs.org/three-addons/-/three-addons-1.2.0.tgz",
      "integrity": "sha1-o2KT4kib3aCL6O/DEpFIW0HeFWA=",
      "requires": {
        "three": "^0.92.0"
      },
      "dependencies": {
        "three": {
          "version": "0.92.0",
          "resolved": "https://registry.npmjs.org/three/-/three-0.92.0.tgz",
          "integrity": "sha1-jT0fWviQ5i2n9MtF0gwJ+lEFfc0="
        }
      }
    },
    "three-debug-draw": {
      "version": "0.1.0",
      "resolved": "https://registry.npmjs.org/three-debug-draw/-/three-debug-draw-0.1.0.tgz",
      "integrity": "sha1-utAk9teqjMmx0ofcyizUgAGVl9w="
    },
    "three-full": {
      "version": "6.0.0",
      "resolved": "https://registry.npmjs.org/three-full/-/three-full-6.0.0.tgz",
      "integrity": "sha512-zCa5SscRtTl1oeN3Gs6li/LcZBKFZLe+YpwQCcewGPcsSQ4HSjV9NOoOx3ih8UmNCKqzdI+t7n1xmFLT1zViFQ=="
    },
    "three-gltf-loader": {
      "version": "1.93.0",
      "resolved": "https://registry.npmjs.org/three-gltf-loader/-/three-gltf-loader-1.93.0.tgz",
      "integrity": "sha512-9Lgk53KY1YRkesoFjwYluX1TE/4Nc/k+KeZnvv47CC8GSEa1JdMK0D7oVMSld4ar4POR+S/UEiVBxiBkOF0UJw==",
      "requires": {
        "three": ">=0.89.0"
      },
      "dependencies": {
        "three": {
          "version": "0.93.0",
          "resolved": "https://registry.npmjs.org/three/-/three-0.93.0.tgz",
          "integrity": "sha1-P9bDZ+9FVKu7bhataZNig+iVwSM="
        }
      }
    }
  }
}
